
Microsoft Visual Studio Solution File, Format Version 12.00
# Visual Studio Version 17
VisualStudioVersion = 17.3.32901.215
MinimumVisualStudioVersion = 10.0.40219.1
Project("{FAE04EC0-301F-11D3-BF4B-00C04F79EFBC}") = "111", "111\111.csproj", "{F604EF44-7A09-4BE8-9B7E-CC143B5AB406}"
EndProject
Global
	GlobalSection(SolutionConfigurationPlatforms) = preSolution
		Debug|Any CPU = Debug|Any CPU
		Release|Any CPU = Release|Any CPU
	EndGlobalSection
	GlobalSection(ProjectConfigurationPlatforms) = postSolution
		{F604EF44-7A09-4BE8-9B7E-CC143B5AB406}.Debug|Any CPU.ActiveCfg = Debug|Any CPU
		{F604EF44-7A09-4BE8-9B7E-CC143B5AB406}.Debug|Any CPU.Build.0 = Debug|Any CPU
		{F604EF44-7A09-4BE8-9B7E-CC143B5AB406}.Release|Any CPU.ActiveCfg = Release|Any CPU
		{F604EF44-7A09-4BE8-9B7E-CC143B5AB406}.Release|Any CPU.Build.0 = Release|Any CPU
	EndGlobalSection
	GlobalSection(SolutionProperties) = preSolution
		HideSolutionNode = FALSE
	EndGlobalSection
	GlobalSection(ExtensibilityGlobals) = postSolution
		SolutionGuid = {4D077BA6-24BF-4FCC-B454-9B5E21813D6B}
	EndGlobalSection
EndGlobal
